
Microsoft Visual Studio Solution File, Format Version 12.00
# Visual Studio 15
VisualStudioVersion = 15.0.27004.2005
MinimumVisualStudioVersion = 10.0.40219.1
Project("{FAE04EC0-301F-11D3-BF4B-00C04F79EFBC}") = "prac7.Android", "prac7\prac7.Android\prac7.Android.csproj", "{11B0F4CD-1B9B-4F13-B067-E6A7EA9CCED8}"
EndProject
Project("{FAE04EC0-301F-11D3-BF4B-00C04F79EFBC}") = "prac7", "prac7\prac7\prac7.csproj", "{59591508-7563-4E3A-9DEF-1104B26FB59A}"
EndProject
Project("{FAE04EC0-301F-11D3-BF4B-00C04F79EFBC}") = "prac7.UWP", "prac7\prac7.UWP\prac7.UWP.csproj", "{CAAE15F1-DA73-4736-806A-43FDF3B78E21}"
EndProject
Project("{FAE04EC0-301F-11D3-BF4B-00C04F79EFBC}") = "prac7.iOS", "prac7\prac7.iOS\prac7.iOS.csproj", "{F06EFF19-2657-4075-A65E-A4D1D46F452F}"
EndProject
Global
	GlobalSection(SolutionConfigurationPlatforms) = preSolution
		Ad-Hoc|Any CPU = Ad-Hoc|Any CPU
		Ad-Hoc|ARM = Ad-Hoc|ARM
		Ad-Hoc|iPhone = Ad-Hoc|iPhone
		Ad-Hoc|iPhoneSimulator = Ad-Hoc|iPhoneSimulator
		Ad-Hoc|x64 = Ad-Hoc|x64
		Ad-Hoc|x86 = Ad-Hoc|x86
		AppStore|Any CPU = AppStore|Any CPU
		AppStore|ARM = AppStore|ARM
		AppStore|iPhone = AppStore|iPhone
		AppStore|iPhoneSimulator = AppStore|iPhoneSimulator
		AppStore|x64 = AppStore|x64
		AppStore|x86 = AppStore|x86
		Debug|Any CPU = Debug|Any CPU
		Debug|ARM = Debug|ARM
		Debug|iPhone = Debug|iPhone
		Debug|iPhoneSimulator = Debug|iPhoneSimulator
		Debug|x64 = Debug|x64
		Debug|x86 = Debug|x86
		Release|Any CPU = Release|Any CPU
		Release|ARM = Release|ARM
		Release|iPhone = Release|iPhone
		Release|iPhoneSimulator = Release|iPhoneSimulator
		Release|x64 = Release|x64
		Release|x86 = Release|x86
	EndGlobalSection
	GlobalSection(ProjectConfigurationPlatforms) = postSolution
		{11B0F4CD-1B9B-4F13-B067-E6A7EA9CCED8}.Ad-Hoc|Any CPU.ActiveCfg = Release|Any CPU
		{11B0F4CD-1B9B-4F13-B067-E6A7EA9CCED8}.Ad-Hoc|Any CPU.Build.0 = Release|Any CPU
		{11B0F4CD-1B9B-4F13-B067-E6A7EA9CCED8}.Ad-Hoc|Any CPU.Deploy.0 = Release|Any CPU
		{11B0F4CD-1B9B-4F13-B067-E6A7EA9CCED8}.Ad-Hoc|ARM.ActiveCfg = Release|Any CPU
		{11B0F4CD-1B9B-4F13-B067-E6A7EA9CCED8}.Ad-Hoc|ARM.Build.0 = Release|Any CPU
		{11B0F4CD-1B9B-4F13-B067-E6A7EA9CCED8}.Ad-Hoc|ARM.Deploy.0 = Release|Any CPU
		{11B0F4CD-1B9B-4F13-B067-E6A7EA9CCED8}.Ad-Hoc|iPhone.ActiveCfg = Release|Any CPU
		{11B0F4CD-1B9B-4F13-B067-E6A7EA9CCED8}.Ad-Hoc|iPhone.Build.0 = Release|Any CPU
		{11B0F4CD-1B9B-4F13-B067-E6A7EA9CCED8}.Ad-Hoc|iPhone.Deploy.0 = Release|Any CPU
		{11B0F4CD-1B9B-4F13-B067-E6A7EA9CCED8}.Ad-Hoc|iPhoneSimulator.ActiveCfg = Release|Any CPU
		{11B0F4CD-1B9B-4F13-B067-E6A7EA9CCED8}.Ad-Hoc|iPhoneSimulator.Build.0 = Release|Any CPU
		{11B0F4CD-1B9B-4F13-B067-E6A7EA9CCED8}.Ad-Hoc|iPhoneSimulator.Deploy.0 = Release|Any CPU
		{11B0F4CD-1B9B-4F13-B067-E6A7EA9CCED8}.Ad-Hoc|x64.ActiveCfg = Release|Any CPU
		{11B0F4CD-1B9B-4F13-B067-E6A7EA9CCED8}.Ad-Hoc|x64.Build.0 = Release|Any CPU
		{11B0F4CD-1B9B-4F13-B067-E6A7EA9CCED8}.Ad-Hoc|x64.Deploy.0 = Release|Any CPU
		{11B0F4CD-1B9B-4F13-B067-E6A7EA9CCED8}.Ad-Hoc|x86.ActiveCfg = Release|Any CPU
		{11B0F4CD-1B9B-4F13-B067-E6A7EA9CCED8}.Ad-Hoc|x86.Build.0 = Release|Any CPU
		{11B0F4CD-1B9B-4F13-B067-E6A7EA9CCED8}.Ad-Hoc|x86.Deploy.0 = Release|Any CPU
		{11B0F4CD-1B9B-4F13-B067-E6A7EA9CCED8}.AppStore|Any CPU.ActiveCfg = Release|Any CPU
		{11B0F4CD-1B9B-4F13-B067-E6A7EA9CCED8}.AppStore|Any CPU.Build.0 = Release|Any CPU
		{11B0F4CD-1B9B-4F13-B067-E6A7EA9CCED8}.AppStore|Any CPU.Deploy.0 = Release|Any CPU
		{11B0F4CD-1B9B-4F13-B067-E6A7EA9CCED8}.AppStore|ARM.ActiveCfg = Release|Any CPU
		{11B0F4CD-1B9B-4F13-B067-E6A7EA9CCED8}.AppStore|ARM.Build.0 = Release|Any CPU
		{11B0F4CD-1B9B-4F13-B067-E6A7EA9CCED8}.AppStore|ARM.Deploy.0 = Release|Any CPU
		{11B0F4CD-1B9B-4F13-B067-E6A7EA9CCED8}.AppStore|iPhone.ActiveCfg = Release|Any CPU
		{11B0F4CD-1B9B-4F13-B067-E6A7EA9CCED8}.AppStore|iPhone.Build.0 = Release|Any CPU
		{11B0F4CD-1B9B-4F13-B067-E6A7EA9CCED8}.AppStore|iPhone.Deploy.0 = Release|Any CPU
		{11B0F4CD-1B9B-4F13-B067-E6A7EA9CCED8}.AppStore|iPhoneSimulator.ActiveCfg = Release|Any CPU
		{11B0F4CD-1B9B-4F13-B067-E6A7EA9CCED8}.AppStore|iPhoneSimulator.Build.0 = Release|Any CPU
		{11B0F4CD-1B9B-4F13-B067-E6A7EA9CCED8}.AppStore|iPhoneSimulator.Deploy.0 = Release|Any CPU
		{11B0F4CD-1B9B-4F13-B067-E6A7EA9CCED8}.AppStore|x64.ActiveCfg = Release|Any CPU
		{11B0F4CD-1B9B-4F13-B067-E6A7EA9CCED8}.AppStore|x64.Build.0 = Release|Any CPU
		{11B0F4CD-1B9B-4F13-B067-E6A7EA9CCED8}.AppStore|x64.Deploy.0 = Release|Any CPU
		{11B0F4CD-1B9B-4F13-B067-E6A7EA9CCED8}.AppStore|x86.ActiveCfg = Release|Any CPU
		{11B0F4CD-1B9B-4F13-B067-E6A7EA9CCED8}.AppStore|x86.Build.0 = Release|Any CPU
		{11B0F4CD-1B9B-4F13-B067-E6A7EA9CCED8}.AppStore|x86.Deploy.0 = Release|Any CPU
		{11B0F4CD-1B9B-4F13-B067-E6A7EA9CCED8}.Debug|Any CPU.ActiveCfg = Debug|Any CPU
		{11B0F4CD-1B9B-4F13-B067-E6A7EA9CCED8}.Debug|Any CPU.Build.0 = Debug|Any CPU
		{11B0F4CD-1B9B-4F13-B067-E6A7EA9CCED8}.Debug|Any CPU.Deploy.0 = Debug|Any CPU
		{11B0F4CD-1B9B-4F13-B067-E6A7EA9CCED8}.Debug|ARM.ActiveCfg = Debug|Any CPU
		{11B0F4CD-1B9B-4F13-B067-E6A7EA9CCED8}.Debug|ARM.Build.0 = Debug|Any CPU
		{11B0F4CD-1B9B-4F13-B067-E6A7EA9CCED8}.Debug|ARM.Deploy.0 = Debug|Any CPU
		{11B0F4CD-1B9B-4F13-B067-E6A7EA9CCED8}.Debug|iPhone.ActiveCfg = Debug|Any CPU
		{11B0F4CD-1B9B-4F13-B067-E6A7EA9CCED8}.Debug|iPhone.Build.0 = Debug|Any CPU
		{11B0F4CD-1B9B-4F13-B067-E6A7EA9CCED8}.Debug|iPhone.Deploy.0 = Debug|Any CPU
		{11B0F4CD-1B9B-4F13-B067-E6A7EA9CCED8}.Debug|iPhoneSimulator.ActiveCfg = Debug|Any CPU
		{11B0F4CD-1B9B-4F13-B067-E6A7EA9CCED8}.Debug|iPhoneSimulator.Build.0 = Debug|Any CPU
		{11B0F4CD-1B9B-4F13-B067-E6A7EA9CCED8}.Debug|iPhoneSimulator.Deploy.0 = Debug|Any CPU
		{11B0F4CD-1B9B-4F13-B067-E6A7EA9CCED8}.Debug|x64.ActiveCfg = Debug|Any CPU
		{11B0F4CD-1B9B-4F13-B067-E6A7EA9CCED8}.Debug|x64.Build.0 = Debug|Any CPU
		{11B0F4CD-1B9B-4F13-B067-E6A7EA9CCED8}.Debug|x64.Deploy.0 = Debug|Any CPU
		{11B0F4CD-1B9B-4F13-B067-E6A7EA9CCED8}.Debug|x86.ActiveCfg = Debug|Any CPU
		{11B0F4CD-1B9B-4F13-B067-E6A7EA9CCED8}.Debug|x86.Build.0 = Debug|Any CPU
		{11B0F4CD-1B9B-4F13-B067-E6A7EA9CCED8}.Debug|x86.Deploy.0 = Debug|Any CPU
		{11B0F4CD-1B9B-4F13-B067-E6A7EA9CCED8}.Release|Any CPU.ActiveCfg = Release|Any CPU
		{11B0F4CD-1B9B-4F13-B067-E6A7EA9CCED8}.Release|Any CPU.Build.0 = Release|Any CPU
		{11B0F4CD-1B9B-4F13-B067-E6A7EA9CCED8}.Release|Any CPU.Deploy.0 = Release|Any CPU
		{11B0F4CD-1B9B-4F13-B067-E6A7EA9CCED8}.Release|ARM.ActiveCfg = Release|Any CPU
		{11B0F4CD-1B9B-4F13-B067-E6A7EA9CCED8}.Release|ARM.Build.0 = Release|Any CPU
		{11B0F4CD-1B9B-4F13-B067-E6A7EA9CCED8}.Release|ARM.Deploy.0 = Release|Any CPU
		{11B0F4CD-1B9B-4F13-B067-E6A7EA9CCED8}.Release|iPhone.ActiveCfg = Release|Any CPU
		{11B0F4CD-1B9B-4F13-B067-E6A7EA9CCED8}.Release|iPhone.Build.0 = Release|Any CPU
		{11B0F4CD-1B9B-4F13-B067-E6A7EA9CCED8}.Release|iPhone.Deploy.0 = Release|Any CPU
		{11B0F4CD-1B9B-4F13-B067-E6A7EA9CCED8}.Release|iPhoneSimulator.ActiveCfg = Release|Any CPU
		{11B0F4CD-1B9B-4F13-B067-E6A7EA9CCED8}.Release|iPhoneSimulator.Build.0 = Release|Any CPU
		{11B0F4CD-1B9B-4F13-B067-E6A7EA9CCED8}.Release|iPhoneSimulator.Deploy.0 = Release|Any CPU
		{11B0F4CD-1B9B-4F13-B067-E6A7EA9CCED8}.Release|x64.ActiveCfg = Release|Any CPU
		{11B0F4CD-1B9B-4F13-B067-E6A7EA9CCED8}.Release|x64.Build.0 = Release|Any CPU
		{11B0F4CD-1B9B-4F13-B067-E6A7EA9CCED8}.Release|x64.Deploy.0 = Release|Any CPU
		{11B0F4CD-1B9B-4F13-B067-E6A7EA9CCED8}.Release|x86.ActiveCfg = Release|Any CPU
		{11B0F4CD-1B9B-4F13-B067-E6A7EA9CCED8}.Release|x86.Build.0 = Release|Any CPU
		{11B0F4CD-1B9B-4F13-B067-E6A7EA9CCED8}.Release|x86.Deploy.0 = Release|Any CPU
		{59591508-7563-4E3A-9DEF-1104B26FB59A}.Ad-Hoc|Any CPU.ActiveCfg = Release|Any CPU
		{59591508-7563-4E3A-9DEF-1104B26FB59A}.Ad-Hoc|Any CPU.Build.0 = Release|Any CPU
		{59591508-7563-4E3A-9DEF-1104B26FB59A}.Ad-Hoc|ARM.ActiveCfg = Release|Any CPU
		{59591508-7563-4E3A-9DEF-1104B26FB59A}.Ad-Hoc|ARM.Build.0 = Release|Any CPU
		{59591508-7563-4E3A-9DEF-1104B26FB59A}.Ad-Hoc|iPhone.ActiveCfg = Release|Any CPU
		{59591508-7563-4E3A-9DEF-1104B26FB59A}.Ad-Hoc|iPhone.Build.0 = Release|Any CPU
		{59591508-7563-4E3A-9DEF-1104B26FB59A}.Ad-Hoc|iPhoneSimulator.ActiveCfg = Release|Any CPU
		{59591508-7563-4E3A-9DEF-1104B26FB59A}.Ad-Hoc|iPhoneSimulator.Build.0 = Release|Any CPU
		{59591508-7563-4E3A-9DEF-1104B26FB59A}.Ad-Hoc|x64.ActiveCfg = Release|Any CPU
		{59591508-7563-4E3A-9DEF-1104B26FB59A}.Ad-Hoc|x64.Build.0 = Release|Any CPU
		{59591508-7563-4E3A-9DEF-1104B26FB59A}.Ad-Hoc|x86.ActiveCfg = Release|Any CPU
		{59591508-7563-4E3A-9DEF-1104B26FB59A}.Ad-Hoc|x86.Build.0 = Release|Any CPU
		{59591508-7563-4E3A-9DEF-1104B26FB59A}.AppStore|Any CPU.ActiveCfg = Release|Any CPU
		{59591508-7563-4E3A-9DEF-1104B26FB59A}.AppStore|Any CPU.Build.0 = Release|Any CPU
		{59591508-7563-4E3A-9DEF-1104B26FB59A}.AppStore|ARM.ActiveCfg = Release|Any CPU
		{59591508-7563-4E3A-9DEF-1104B26FB59A}.AppStore|ARM.Build.0 = Release|Any CPU
		{59591508-7563-4E3A-9DEF-1104B26FB59A}.AppStore|iPhone.ActiveCfg = Release|Any CPU
		{59591508-7563-4E3A-9DEF-1104B26FB59A}.AppStore|iPhone.Build.0 = Release|Any CPU
		{59591508-7563-4E3A-9DEF-1104B26FB59A}.AppStore|iPhoneSimulator.ActiveCfg = Release|Any CPU
		{59591508-7563-4E3A-9DEF-1104B26FB59A}.AppStore|iPhoneSimulator.Build.0 = Release|Any CPU
		{59591508-7563-4E3A-9DEF-1104B26FB59A}.AppStore|x64.ActiveCfg = Release|Any CPU
		{59591508-7563-4E3A-9DEF-1104B26FB59A}.AppStore|x64.Build.0 = Release|Any CPU
		{59591508-7563-4E3A-9DEF-1104B26FB59A}.AppStore|x86.ActiveCfg = Release|Any CPU
		{59591508-7563-4E3A-9DEF-1104B26FB59A}.AppStore|x86.Build.0 = Release|Any CPU
		{59591508-7563-4E3A-9DEF-1104B26FB59A}.Debug|Any CPU.ActiveCfg = Debug|Any CPU
		{59591508-7563-4E3A-9DEF-1104B26FB59A}.Debug|Any CPU.Build.0 = Debug|Any CPU
		{59591508-7563-4E3A-9DEF-1104B26FB59A}.Debug|ARM.ActiveCfg = Debug|Any CPU
		{59591508-7563-4E3A-9DEF-1104B26FB59A}.Debug|ARM.Build.0 = Debug|Any CPU
		{59591508-7563-4E3A-9DEF-1104B26FB59A}.Debug|iPhone.ActiveCfg = Debug|Any CPU
		{59591508-7563-4E3A-9DEF-1104B26FB59A}.Debug|iPhone.Build.0 = Debug|Any CPU
		{59591508-7563-4E3A-9DEF-1104B26FB59A}.Debug|iPhoneSimulator.ActiveCfg = Debug|Any CPU
		{59591508-7563-4E3A-9DEF-1104B26FB59A}.Debug|iPhoneSimulator.Build.0 = Debug|Any CPU
		{59591508-7563-4E3A-9DEF-1104B26FB59A}.Debug|x64.ActiveCfg = Debug|Any CPU
		{59591508-7563-4E3A-9DEF-1104B26FB59A}.Debug|x64.Build.0 = Debug|Any CPU
		{59591508-7563-4E3A-9DEF-1104B26FB59A}.Debug|x86.ActiveCfg = Debug|Any CPU
		{59591508-7563-4E3A-9DEF-1104B26FB59A}.Debug|x86.Build.0 = Debug|Any CPU
		{59591508-7563-4E3A-9DEF-1104B26FB59A}.Release|Any CPU.ActiveCfg = Release|Any CPU
		{59591508-7563-4E3A-9DEF-1104B26FB59A}.Release|Any CPU.Build.0 = Release|Any CPU
		{59591508-7563-4E3A-9DEF-1104B26FB59A}.Release|ARM.ActiveCfg = Release|Any CPU
		{59591508-7563-4E3A-9DEF-1104B26FB59A}.Release|ARM.Build.0 = Release|Any CPU
		{59591508-7563-4E3A-9DEF-1104B26FB59A}.Release|iPhone.ActiveCfg = Release|Any CPU
		{59591508-7563-4E3A-9DEF-1104B26FB59A}.Release|iPhone.Build.0 = Release|Any CPU
		{59591508-7563-4E3A-9DEF-1104B26FB59A}.Release|iPhoneSimulator.ActiveCfg = Release|Any CPU
		{59591508-7563-4E3A-9DEF-1104B26FB59A}.Release|iPhoneSimulator.Build.0 = Release|Any CPU
		{59591508-7563-4E3A-9DEF-1104B26FB59A}.Release|x64.ActiveCfg = Release|Any CPU
		{59591508-7563-4E3A-9DEF-1104B26FB59A}.Release|x64.Build.0 = Release|Any CPU
		{59591508-7563-4E3A-9DEF-1104B26FB59A}.Release|x86.ActiveCfg = Release|Any CPU
		{59591508-7563-4E3A-9DEF-1104B26FB59A}.Release|x86.Build.0 = Release|Any CPU
		{CAAE15F1-DA73-4736-806A-43FDF3B78E21}.Ad-Hoc|Any CPU.ActiveCfg = Release|x86
		{CAAE15F1-DA73-4736-806A-43FDF3B78E21}.Ad-Hoc|Any CPU.Build.0 = Release|x86
		{CAAE15F1-DA73-4736-806A-43FDF3B78E21}.Ad-Hoc|Any CPU.Deploy.0 = Release|x86
		{CAAE15F1-DA73-4736-806A-43FDF3B78E21}.Ad-Hoc|ARM.ActiveCfg = Release|ARM
		{CAAE15F1-DA73-4736-806A-43FDF3B78E21}.Ad-Hoc|ARM.Build.0 = Release|ARM
		{CAAE15F1-DA73-4736-806A-43FDF3B78E21}.Ad-Hoc|ARM.Deploy.0 = Release|ARM
		{CAAE15F1-DA73-4736-806A-43FDF3B78E21}.Ad-Hoc|iPhone.ActiveCfg = Release|x86
		{CAAE15F1-DA73-4736-806A-43FDF3B78E21}.Ad-Hoc|iPhone.Build.0 = Release|x86
		{CAAE15F1-DA73-4736-806A-43FDF3B78E21}.Ad-Hoc|iPhone.Deploy.0 = Release|x86
		{CAAE15F1-DA73-4736-806A-43FDF3B78E21}.Ad-Hoc|iPhoneSimulator.ActiveCfg = Release|x86
		{CAAE15F1-DA73-4736-806A-43FDF3B78E21}.Ad-Hoc|iPhoneSimulator.Build.0 = Release|x86
		{CAAE15F1-DA73-4736-806A-43FDF3B78E21}.Ad-Hoc|iPhoneSimulator.Deploy.0 = Release|x86
		{CAAE15F1-DA73-4736-806A-43FDF3B78E21}.Ad-Hoc|x64.ActiveCfg = Release|x64
		{CAAE15F1-DA73-4736-806A-43FDF3B78E21}.Ad-Hoc|x64.Build.0 = Release|x64
		{CAAE15F1-DA73-4736-806A-43FDF3B78E21}.Ad-Hoc|x64.Deploy.0 = Release|x64
		{CAAE15F1-DA73-4736-806A-43FDF3B78E21}.Ad-Hoc|x86.ActiveCfg = Release|x86
		{CAAE15F1-DA73-4736-806A-43FDF3B78E21}.Ad-Hoc|x86.Build.0 = Release|x86
		{CAAE15F1-DA73-4736-806A-43FDF3B78E21}.Ad-Hoc|x86.Deploy.0 = Release|x86
		{CAAE15F1-DA73-4736-806A-43FDF3B78E21}.AppStore|Any CPU.ActiveCfg = Release|x86
		{CAAE15F1-DA73-4736-806A-43FDF3B78E21}.AppStore|Any CPU.Build.0 = Release|x86
		{CAAE15F1-DA73-4736-806A-43FDF3B78E21}.AppStore|Any CPU.Deploy.0 = Release|x86
		{CAAE15F1-DA73-4736-806A-43FDF3B78E21}.AppStore|ARM.ActiveCfg = Release|ARM
		{CAAE15F1-DA73-4736-806A-43FDF3B78E21}.AppStore|ARM.Build.0 = Release|ARM
		{CAAE15F1-DA73-4736-806A-43FDF3B78E21}.AppStore|ARM.Deploy.0 = Release|ARM
		{CAAE15F1-DA73-4736-806A-43FDF3B78E21}.AppStore|iPhone.ActiveCfg = Release|x86
		{CAAE15F1-DA73-4736-806A-43FDF3B78E21}.AppStore|iPhone.Build.0 = Release|x86
		{CAAE15F1-DA73-4736-806A-43FDF3B78E21}.AppStore|iPhone.Deploy.0 = Release|x86
		{CAAE15F1-DA73-4736-806A-43FDF3B78E21}.AppStore|iPhoneSimulator.ActiveCfg = Release|x86
		{CAAE15F1-DA73-4736-806A-43FDF3B78E21}.AppStore|iPhoneSimulator.Build.0 = Release|x86
		{CAAE15F1-DA73-4736-806A-43FDF3B78E21}.AppStore|iPhoneSimulator.Deploy.0 = Release|x86
		{CAAE15F1-DA73-4736-806A-43FDF3B78E21}.AppStore|x64.ActiveCfg = Release|x64
		{CAAE15F1-DA73-4736-806A-43FDF3B78E21}.AppStore|x64.Build.0 = Release|x64
		{CAAE15F1-DA73-4736-806A-43FDF3B78E21}.AppStore|x64.Deploy.0 = Release|x64
		{CAAE15F1-DA73-4736-806A-43FDF3B78E21}.AppStore|x86.ActiveCfg = Release|x86
		{CAAE15F1-DA73-4736-806A-43FDF3B78E21}.AppStore|x86.Build.0 = Release|x86
		{CAAE15F1-DA73-4736-806A-43FDF3B78E21}.AppStore|x86.Deploy.0 = Release|x86
		{CAAE15F1-DA73-4736-806A-43FDF3B78E21}.Debug|Any CPU.ActiveCfg = Debug|x86
		{CAAE15F1-DA73-4736-806A-43FDF3B78E21}.Debug|ARM.ActiveCfg = Debug|ARM
		{CAAE15F1-DA73-4736-806A-43FDF3B78E21}.Debug|ARM.Build.0 = Debug|ARM
		{CAAE15F1-DA73-4736-806A-43FDF3B78E21}.Debug|ARM.Deploy.0 = Debug|ARM
		{CAAE15F1-DA73-4736-806A-43FDF3B78E21}.Debug|iPhone.ActiveCfg = Debug|x86
		{CAAE15F1-DA73-4736-806A-43FDF3B78E21}.Debug|iPhoneSimulator.ActiveCfg = Debug|x86
		{CAAE15F1-DA73-4736-806A-43FDF3B78E21}.Debug|x64.ActiveCfg = Debug|x64
		{CAAE15F1-DA73-4736-806A-43FDF3B78E21}.Debug|x64.Build.0 = Debug|x64
		{CAAE15F1-DA73-4736-806A-43FDF3B78E21}.Debug|x64.Deploy.0 = Debug|x64
		{CAAE15F1-DA73-4736-806A-43FDF3B78E21}.Debug|x86.ActiveCfg = Debug|x86
		{CAAE15F1-DA73-4736-806A-43FDF3B78E21}.Debug|x86.Build.0 = Debug|x86
		{CAAE15F1-DA73-4736-806A-43FDF3B78E21}.Debug|x86.Deploy.0 = Debug|x86
		{CAAE15F1-DA73-4736-806A-43FDF3B78E21}.Release|Any CPU.ActiveCfg = Release|x86
		{CAAE15F1-DA73-4736-806A-43FDF3B78E21}.Release|ARM.ActiveCfg = Release|ARM
		{CAAE15F1-DA73-4736-806A-43FDF3B78E21}.Release|ARM.Build.0 = Release|ARM
		{CAAE15F1-DA73-4736-806A-43FDF3B78E21}.Release|ARM.Deploy.0 = Release|ARM
		{CAAE15F1-DA73-4736-806A-43FDF3B78E21}.Release|iPhone.ActiveCfg = Release|x86
		{CAAE15F1-DA73-4736-806A-43FDF3B78E21}.Release|iPhoneSimulator.ActiveCfg = Release|x86
		{CAAE15F1-DA73-4736-806A-43FDF3B78E21}.Release|x64.ActiveCfg = Release|x64
		{CAAE15F1-DA73-4736-806A-43FDF3B78E21}.Release|x64.Build.0 = Release|x64
		{CAAE15F1-DA73-4736-806A-43FDF3B78E21}.Release|x64.Deploy.0 = Release|x64
		{CAAE15F1-DA73-4736-806A-43FDF3B78E21}.Release|x86.ActiveCfg = Release|x86
		{CAAE15F1-DA73-4736-806A-43FDF3B78E21}.Release|x86.Build.0 = Release|x86
		{CAAE15F1-DA73-4736-806A-43FDF3B78E21}.Release|x86.Deploy.0 = Release|x86
		{F06EFF19-2657-4075-A65E-A4D1D46F452F}.Ad-Hoc|Any CPU.ActiveCfg = Ad-Hoc|iPhoneSimulator
		{F06EFF19-2657-4075-A65E-A4D1D46F452F}.Ad-Hoc|ARM.ActiveCfg = Ad-Hoc|iPhone
		{F06EFF19-2657-4075-A65E-A4D1D46F452F}.Ad-Hoc|iPhone.ActiveCfg = Ad-Hoc|iPhone
		{F06EFF19-2657-4075-A65E-A4D1D46F452F}.Ad-Hoc|iPhone.Build.0 = Ad-Hoc|iPhone
		{F06EFF19-2657-4075-A65E-A4D1D46F452F}.Ad-Hoc|iPhoneSimulator.ActiveCfg = Ad-Hoc|iPhoneSimulator
		{F06EFF19-2657-4075-A65E-A4D1D46F452F}.Ad-Hoc|iPhoneSimulator.Build.0 = Ad-Hoc|iPhoneSimulator
		{F06EFF19-2657-4075-A65E-A4D1D46F452F}.Ad-Hoc|x64.ActiveCfg = Ad-Hoc|iPhone
		{F06EFF19-2657-4075-A65E-A4D1D46F452F}.Ad-Hoc|x86.ActiveCfg = Ad-Hoc|iPhone
		{F06EFF19-2657-4075-A65E-A4D1D46F452F}.AppStore|Any CPU.ActiveCfg = AppStore|iPhoneSimulator
		{F06EFF19-2657-4075-A65E-A4D1D46F452F}.AppStore|ARM.ActiveCfg = AppStore|iPhone
		{F06EFF19-2657-4075-A65E-A4D1D46F452F}.AppStore|iPhone.ActiveCfg = AppStore|iPhone
		{F06EFF19-2657-4075-A65E-A4D1D46F452F}.AppStore|iPhone.Build.0 = AppStore|iPhone
		{F06EFF19-2657-4075-A65E-A4D1D46F452F}.AppStore|iPhoneSimulator.ActiveCfg = AppStore|iPhoneSimulator
		{F06EFF19-2657-4075-A65E-A4D1D46F452F}.AppStore|iPhoneSimulator.Build.0 = AppStore|iPhoneSimulator
		{F06EFF19-2657-4075-A65E-A4D1D46F452F}.AppStore|x64.ActiveCfg = AppStore|iPhone
		{F06EFF19-2657-4075-A65E-A4D1D46F452F}.AppStore|x86.ActiveCfg = AppStore|iPhone
		{F06EFF19-2657-4075-A65E-A4D1D46F452F}.Debug|Any CPU.ActiveCfg = Debug|iPhoneSimulator
		{F06EFF19-2657-4075-A65E-A4D1D46F452F}.Debug|ARM.ActiveCfg = Debug|iPhone
		{F06EFF19-2657-4075-A65E-A4D1D46F452F}.Debug|iPhone.ActiveCfg = Debug|iPhone
		{F06EFF19-2657-4075-A65E-A4D1D46F452F}.Debug|iPhone.Build.0 = Debug|iPhone
		{F06EFF19-2657-4075-A65E-A4D1D46F452F}.Debug|iPhoneSimulator.ActiveCfg = Debug|iPhoneSimulator
		{F06EFF19-2657-4075-A65E-A4D1D46F452F}.Debug|iPhoneSimulator.Build.0 = Debug|iPhoneSimulator
		{F06EFF19-2657-4075-A65E-A4D1D46F452F}.Debug|x64.ActiveCfg = Debug|iPhone
		{F06EFF19-2657-4075-A65E-A4D1D46F452F}.Debug|x86.ActiveCfg = Debug|iPhone
		{F06EFF19-2657-4075-A65E-A4D1D46F452F}.Release|Any CPU.ActiveCfg = Release|iPhoneSimulator
		{F06EFF19-2657-4075-A65E-A4D1D46F452F}.Release|ARM.ActiveCfg = Release|iPhone
		{F06EFF19-2657-4075-A65E-A4D1D46F452F}.Release|iPhone.ActiveCfg = Release|iPhone
		{F06EFF19-2657-4075-A65E-A4D1D46F452F}.Release|iPhone.Build.0 = Release|iPhone
		{F06EFF19-2657-4075-A65E-A4D1D46F452F}.Release|iPhoneSimulator.ActiveCfg = Release|iPhoneSimulator
		{F06EFF19-2657-4075-A65E-A4D1D46F452F}.Release|iPhoneSimulator.Build.0 = Release|iPhoneSimulator
		{F06EFF19-2657-4075-A65E-A4D1D46F452F}.Release|x64.ActiveCfg = Release|iPhone
		{F06EFF19-2657-4075-A65E-A4D1D46F452F}.Release|x86.ActiveCfg = Release|iPhone
	EndGlobalSection
	GlobalSection(SolutionProperties) = preSolution
		HideSolutionNode = FALSE
	EndGlobalSection
	GlobalSection(ExtensibilityGlobals) = postSolution
		SolutionGuid = {02AA4461-5715-4142-AEA1-1E4A55DB4CB8}
	EndGlobalSection
EndGlobal
